# This file is automatically @generated by Cargo.
# It is not intended for manual editing.
version = 3

[[package]]
name = "deus_ex_machina"
version = "0.1.0"
dependencies = [
 "noncryptor",
]

[[package]]
name = "noncryptor"
version = "0.1.2"
source = "registry+https://github.com/rust-lang/crates.io-index"
checksum = "9fcbc67d7f4002cd8e116143d7be0fca9a9a568382ac75e7ee2dee511d2d1641"
